{
  "name": "goliath-vr-view",
  "version": "1.0.0",
  "lockfileVersion": 1,
  "requires": true,
  "dependencies": {
    "d.js": {
      "version": "0.7.5",
      "resolved": "https://registry.npmjs.org/d.js/-/d.js-0.7.5.tgz",
      "integrity": "sha1-Bui4xPaul5xLgXwyGJTOLh9fqQ4="
    },
    "dot": {
      "version": "1.1.2",
      "resolved": "https://registry.npmjs.org/dot/-/dot-1.1.2.tgz",
      "integrity": "sha1-xzdwGfxOVQeYkosrmv62ar+h8vk="
    },
    "photo-sphere-viewer": {
      "version": "3.4.0",
      "resolved": "https://registry.npmjs.org/photo-sphere-viewer/-/photo-sphere-viewer-3.4.0.tgz",
      "integrity": "sha512-ANvJp52xJ5GkG4dHFTJUUtxLR6vOJA2ISter0uCqEssQByrw7py9XAE3fb6XVASSq31PXUEQYS5cRm6o++sgvg==",
      "requires": {
        "d.js": "~0.7.3",
        "dot": ">=1.0.3",
        "three": ">= 0.85.0",
        "uevent": "~1.0.0"
      }
    },
    "three": {
      "version": "0.94.0",
      "resolved": "https://registry.npmjs.org/three/-/three-0.94.0.tgz",
      "integrity": "sha1-TObbfyv795wtc0RKpuPPwIoy12I="
    },
    "uevent": {
      "version": "1.0.0",
      "resolved": "https://registry.npmjs.org/uevent/-/uevent-1.0.0.tgz",
      "integrity": "sha1-KUii1EHReQAEcOIa7RJsZ7AAl2w="
    }
  }
}
